# THIS IS AN AUTOGENERATED FILE. DO NOT EDIT THIS FILE DIRECTLY.
# yarn lockfile v1


"@spriteful/lambda@^1.3.3":
  version "1.3.3"
  resolved "https://registry.yarnpkg.com/@spriteful/lambda/-/lambda-1.3.3.tgz#0a0f553c95da4a392a9d97fb1f5daf4544ef1da9"
  integrity sha512-q1wIoJtozKSNaMT4DSxqd6gHv3z6sRlTrx+nUnltHLwYRMIS/zuzaPgktQ0e2PARQnZ2MG8jTDXcOnjvHKYK1A==

"@spriteful/utils@^1.1.6":
  version "1.1.6"
  resolved "https://registry.yarnpkg.com/@spriteful/utils/-/utils-1.1.6.tgz#70135093c92fdc88235655f8857262070a13abb7"
  integrity sha512-MlyhtqE1r30GcNkbwI2A8+CGlZ94nrFVfKzOma9ygP/J77R0rV67A42WMvmLpaXReQ2Z7IwQiN74IPBFkN3CFw==
  dependencies:
    "@spriteful/lambda" "^1.3.3"
